
Microsoft Visual Studio Solution File, Format Version 12.00
# Visual Studio Version 17
VisualStudioVersion = 17.7.34024.191
MinimumVisualStudioVersion = 10.0.40219.1
Project("{FAE04EC0-301F-11D3-BF4B-00C04F79EFBC}") = "MgmCasino.Server", "MgmCasino\Server\MgmCasino.Server.csproj", "{B2E58550-426B-4FA7-B9C1-0B3D940C46B0}"
EndProject
Project("{FAE04EC0-301F-11D3-BF4B-00C04F79EFBC}") = "MgmCasino.Client", "MgmCasino\Client\MgmCasino.Client.csproj", "{F3FAEED4-F690-49AE-ABDE-4C22254674D0}"
EndProject
Project("{FAE04EC0-301F-11D3-BF4B-00C04F79EFBC}") = "MgmCasino.Shared", "MgmCasino\Shared\MgmCasino.Shared.csproj", "{533B3A5C-3F39-49A4-900C-098B504A3619}"
EndProject
Project("{FAE04EC0-301F-11D3-BF4B-00C04F79EFBC}") = "ConsoleApp1", "ConsoleApp1\ConsoleApp1.csproj", "{C8E451A6-3A1E-4202-9FD0-D95235E408E4}"
EndProject
Global
	GlobalSection(SolutionConfigurationPlatforms) = preSolution
		Debug|Any CPU = Debug|Any CPU
		Release|Any CPU = Release|Any CPU
	EndGlobalSection
	GlobalSection(ProjectConfigurationPlatforms) = postSolution
		{B2E58550-426B-4FA7-B9C1-0B3D940C46B0}.Debug|Any CPU.ActiveCfg = Debug|Any CPU
		{B2E58550-426B-4FA7-B9C1-0B3D940C46B0}.Debug|Any CPU.Build.0 = Debug|Any CPU
		{B2E58550-426B-4FA7-B9C1-0B3D940C46B0}.Release|Any CPU.ActiveCfg = Release|Any CPU
		{B2E58550-426B-4FA7-B9C1-0B3D940C46B0}.Release|Any CPU.Build.0 = Release|Any CPU
		{F3FAEED4-F690-49AE-ABDE-4C22254674D0}.Debug|Any CPU.ActiveCfg = Debug|Any CPU
		{F3FAEED4-F690-49AE-ABDE-4C22254674D0}.Debug|Any CPU.Build.0 = Debug|Any CPU
		{F3FAEED4-F690-49AE-ABDE-4C22254674D0}.Release|Any CPU.ActiveCfg = Release|Any CPU
		{F3FAEED4-F690-49AE-ABDE-4C22254674D0}.Release|Any CPU.Build.0 = Release|Any CPU
		{533B3A5C-3F39-49A4-900C-098B504A3619}.Debug|Any CPU.ActiveCfg = Debug|Any CPU
		{533B3A5C-3F39-49A4-900C-098B504A3619}.Debug|Any CPU.Build.0 = Debug|Any CPU
		{533B3A5C-3F39-49A4-900C-098B504A3619}.Release|Any CPU.ActiveCfg = Release|Any CPU
		{533B3A5C-3F39-49A4-900C-098B504A3619}.Release|Any CPU.Build.0 = Release|Any CPU
		{C8E451A6-3A1E-4202-9FD0-D95235E408E4}.Debug|Any CPU.ActiveCfg = Debug|Any CPU
		{C8E451A6-3A1E-4202-9FD0-D95235E408E4}.Debug|Any CPU.Build.0 = Debug|Any CPU
		{C8E451A6-3A1E-4202-9FD0-D95235E408E4}.Release|Any CPU.ActiveCfg = Release|Any CPU
		{C8E451A6-3A1E-4202-9FD0-D95235E408E4}.Release|Any CPU.Build.0 = Release|Any CPU
	EndGlobalSection
	GlobalSection(SolutionProperties) = preSolution
		HideSolutionNode = FALSE
	EndGlobalSection
	GlobalSection(ExtensibilityGlobals) = postSolution
		SolutionGuid = {DFA17B52-0C80-4AFE-9E8D-B1E887751B11}
	EndGlobalSection
EndGlobal
